
Microsoft Visual Studio Solution File, Format Version 12.00
# Visual Studio Version 17
VisualStudioVersion = 17.1.32407.343
MinimumVisualStudioVersion = 10.0.40219.1
Project("{9A19103F-16F7-4668-BE54-9A1E7A4F7556}") = "№1", "№1\№1.csproj", "{B7B1A5C2-F938-488E-B8FB-002103196446}"
EndProject
Project("{FAE04EC0-301F-11D3-BF4B-00C04F79EFBC}") = "quick sorting", "quick sorting\quick sorting.csproj", "{0FF4B54B-BD1E-4F57-ABCF-8BE4FA6F9292}"
EndProject
Global
	GlobalSection(SolutionConfigurationPlatforms) = preSolution
		Debug|Any CPU = Debug|Any CPU
		Release|Any CPU = Release|Any CPU
	EndGlobalSection
	GlobalSection(ProjectConfigurationPlatforms) = postSolution
		{B7B1A5C2-F938-488E-B8FB-002103196446}.Debug|Any CPU.ActiveCfg = Debug|Any CPU
		{B7B1A5C2-F938-488E-B8FB-002103196446}.Debug|Any CPU.Build.0 = Debug|Any CPU
		{B7B1A5C2-F938-488E-B8FB-002103196446}.Release|Any CPU.ActiveCfg = Release|Any CPU
		{B7B1A5C2-F938-488E-B8FB-002103196446}.Release|Any CPU.Build.0 = Release|Any CPU
		{0FF4B54B-BD1E-4F57-ABCF-8BE4FA6F9292}.Debug|Any CPU.ActiveCfg = Debug|Any CPU
		{0FF4B54B-BD1E-4F57-ABCF-8BE4FA6F9292}.Debug|Any CPU.Build.0 = Debug|Any CPU
		{0FF4B54B-BD1E-4F57-ABCF-8BE4FA6F9292}.Release|Any CPU.ActiveCfg = Release|Any CPU
		{0FF4B54B-BD1E-4F57-ABCF-8BE4FA6F9292}.Release|Any CPU.Build.0 = Release|Any CPU
	EndGlobalSection
	GlobalSection(SolutionProperties) = preSolution
		HideSolutionNode = FALSE
	EndGlobalSection
	GlobalSection(ExtensibilityGlobals) = postSolution
		SolutionGuid = {E3D2D9EB-C74D-4058-8701-343E23D6C91E}
	EndGlobalSection
EndGlobal
